
Microsoft Visual Studio Solution File, Format Version 12.00
# Visual Studio Version 17
VisualStudioVersion = 17.3.32929.385
MinimumVisualStudioVersion = 10.0.40219.1
Project("{FAE04EC0-301F-11D3-BF4B-00C04F79EFBC}") = "Halacint", "Halacint\Halacint.csproj", "{081B374B-842D-4802-9328-FE764E458125}"
EndProject
Global
	GlobalSection(SolutionConfigurationPlatforms) = preSolution
		Debug|Any CPU = Debug|Any CPU
		Release|Any CPU = Release|Any CPU
	EndGlobalSection
	GlobalSection(ProjectConfigurationPlatforms) = postSolution
		{081B374B-842D-4802-9328-FE764E458125}.Debug|Any CPU.ActiveCfg = Debug|Any CPU
		{081B374B-842D-4802-9328-FE764E458125}.Debug|Any CPU.Build.0 = Debug|Any CPU
		{081B374B-842D-4802-9328-FE764E458125}.Release|Any CPU.ActiveCfg = Release|Any CPU
		{081B374B-842D-4802-9328-FE764E458125}.Release|Any CPU.Build.0 = Release|Any CPU
	EndGlobalSection
	GlobalSection(SolutionProperties) = preSolution
		HideSolutionNode = FALSE
	EndGlobalSection
	GlobalSection(ExtensibilityGlobals) = postSolution
		SolutionGuid = {368C4FB3-81F0-4221-94C0-2810FCEF97AC}
	EndGlobalSection
EndGlobal
